
Microsoft Visual Studio Solution File, Format Version 12.00
# Visual Studio 2012
Project("{8BC9CEB8-8B4A-11D0-8D11-00A0C91BC942}") = "2_8destructor", "2_8destructor\2_8destructor.vcxproj", "{ED559D0E-FC20-4821-B7A2-078DB7994FDB}"
EndProject
Global
	GlobalSection(SolutionConfigurationPlatforms) = preSolution
		Debug|Win32 = Debug|Win32
		Release|Win32 = Release|Win32
	EndGlobalSection
	GlobalSection(ProjectConfigurationPlatforms) = postSolution
		{ED559D0E-FC20-4821-B7A2-078DB7994FDB}.Debug|Win32.ActiveCfg = Debug|Win32
		{ED559D0E-FC20-4821-B7A2-078DB7994FDB}.Debug|Win32.Build.0 = Debug|Win32
		{ED559D0E-FC20-4821-B7A2-078DB7994FDB}.Release|Win32.ActiveCfg = Release|Win32
		{ED559D0E-FC20-4821-B7A2-078DB7994FDB}.Release|Win32.Build.0 = Release|Win32
	EndGlobalSection
	GlobalSection(SolutionProperties) = preSolution
		HideSolutionNode = FALSE
	EndGlobalSection
EndGlobal
