
Microsoft Visual Studio Solution File, Format Version 12.00
# Visual Studio 2012
Project("{8BC9CEB8-8B4A-11D0-8D11-00A0C91BC942}") = "1_2newFeature", "1_2newFeature\1_2newFeature.vcxproj", "{7DD0B5DF-C9A9-49A1-92E4-4FDF43DCAD80}"
EndProject
Global
	GlobalSection(SolutionConfigurationPlatforms) = preSolution
		Debug|Win32 = Debug|Win32
		Release|Win32 = Release|Win32
	EndGlobalSection
	GlobalSection(ProjectConfigurationPlatforms) = postSolution
		{7DD0B5DF-C9A9-49A1-92E4-4FDF43DCAD80}.Debug|Win32.ActiveCfg = Debug|Win32
		{7DD0B5DF-C9A9-49A1-92E4-4FDF43DCAD80}.Debug|Win32.Build.0 = Debug|Win32
		{7DD0B5DF-C9A9-49A1-92E4-4FDF43DCAD80}.Release|Win32.ActiveCfg = Release|Win32
		{7DD0B5DF-C9A9-49A1-92E4-4FDF43DCAD80}.Release|Win32.Build.0 = Release|Win32
	EndGlobalSection
	GlobalSection(SolutionProperties) = preSolution
		HideSolutionNode = FALSE
	EndGlobalSection
EndGlobal
